
Microsoft Visual Studio Solution File, Format Version 12.00
# Visual Studio 14
VisualStudioVersion = 14.0.25123.0
MinimumVisualStudioVersion = 10.0.40219.1
Project("{FAE04EC0-301F-11D3-BF4B-00C04F79EFBC}") = "KeePass", "KeePass\KeePass.csproj", "{41291EA0-0ADC-4288-8137-3864F473A961}"
EndProject
Project("{FAE04EC0-301F-11D3-BF4B-00C04F79EFBC}") = "DataDownloader.Ui", "DataDownloader.Ui\DataDownloader.Ui.csproj", "{5173EAE2-7EBA-4A89-8D47-5C7767CFB9CE}"
EndProject
Project("{FAE04EC0-301F-11D3-BF4B-00C04F79EFBC}") = "DataDownloader.Common", "DataDownloader.Common\DataDownloader.Common.csproj", "{5BB997B1-B794-4442-928C-EC159FACDF25}"
EndProject
Project("{FAE04EC0-301F-11D3-BF4B-00C04F79EFBC}") = "DataDownloader.Handler", "DataDownloader.Handler\DataDownloader.Handler.csproj", "{18ABFD4B-46AC-4892-8C58-9D7053B0E13D}"
EndProject
Global
	GlobalSection(SolutionConfigurationPlatforms) = preSolution
		Debug|Any CPU = Debug|Any CPU
		Release|Any CPU = Release|Any CPU
	EndGlobalSection
	GlobalSection(ProjectConfigurationPlatforms) = postSolution
		{41291EA0-0ADC-4288-8137-3864F473A961}.Debug|Any CPU.ActiveCfg = Debug|Any CPU
		{41291EA0-0ADC-4288-8137-3864F473A961}.Debug|Any CPU.Build.0 = Debug|Any CPU
		{41291EA0-0ADC-4288-8137-3864F473A961}.Release|Any CPU.ActiveCfg = Release|Any CPU
		{41291EA0-0ADC-4288-8137-3864F473A961}.Release|Any CPU.Build.0 = Release|Any CPU
		{5173EAE2-7EBA-4A89-8D47-5C7767CFB9CE}.Debug|Any CPU.ActiveCfg = Debug|Any CPU
		{5173EAE2-7EBA-4A89-8D47-5C7767CFB9CE}.Debug|Any CPU.Build.0 = Debug|Any CPU
		{5173EAE2-7EBA-4A89-8D47-5C7767CFB9CE}.Release|Any CPU.ActiveCfg = Release|Any CPU
		{5173EAE2-7EBA-4A89-8D47-5C7767CFB9CE}.Release|Any CPU.Build.0 = Release|Any CPU
		{5BB997B1-B794-4442-928C-EC159FACDF25}.Debug|Any CPU.ActiveCfg = Debug|Any CPU
		{5BB997B1-B794-4442-928C-EC159FACDF25}.Debug|Any CPU.Build.0 = Debug|Any CPU
		{5BB997B1-B794-4442-928C-EC159FACDF25}.Release|Any CPU.ActiveCfg = Release|Any CPU
		{5BB997B1-B794-4442-928C-EC159FACDF25}.Release|Any CPU.Build.0 = Release|Any CPU
		{5BB997B1-B794-4442-928C-EC159FACDF25}.Release|Any CPU.Deploy.0 = Release|Any CPU
		{18ABFD4B-46AC-4892-8C58-9D7053B0E13D}.Debug|Any CPU.ActiveCfg = Debug|Any CPU
		{18ABFD4B-46AC-4892-8C58-9D7053B0E13D}.Debug|Any CPU.Build.0 = Debug|Any CPU
		{18ABFD4B-46AC-4892-8C58-9D7053B0E13D}.Release|Any CPU.ActiveCfg = Release|Any CPU
		{18ABFD4B-46AC-4892-8C58-9D7053B0E13D}.Release|Any CPU.Build.0 = Release|Any CPU
	EndGlobalSection
	GlobalSection(SolutionProperties) = preSolution
		HideSolutionNode = FALSE
	EndGlobalSection
EndGlobal
